github.com/noocsharp/go-aquos v0.1.1 h1:JP0Y5TCrlps5qu1Lfp7IveIB5twamYBI6xAOVAdYP0M=
github.com/noocsharp/go-aquos v0.1.1/go.mod h1:0wU8/BjgmLKksf3ZjCoT5sJeu2e+aadh6K2ozKYC720=
github.com/noocsharp/go-aquos v0.1.2-0.20210901015121-fab5480d4528 h1:6G1Eh4RSXM9TJE+/tWP4IEBHXRx+i5fZpHxgyReM9BU=
github.com/noocsharp/go-aquos v0.1.2-0.20210901015121-fab5480d4528/go.mod h1:0wU8/BjgmLKksf3ZjCoT5sJeu2e+aadh6K2ozKYC720=
github.com/noocsharp/go-aquos v0.1.2-0.20210901025114-4a8fca892ad1 h1:mMb0V2FMQKF87U1KEfu9cjONEB3VCIME6Mz4lWAgkN8=
github.com/noocsharp/go-aquos v0.1.2-0.20210901025114-4a8fca892ad1/go.mod h1:0wU8/BjgmLKksf3ZjCoT5sJeu2e+aadh6K2ozKYC720=
github.com/noocsharp/go-aquos v0.1.2-0.20210901033550-a4f0262ce056 h1:b7QRaMmoohJHubkQlNuTkZvKLne5DYbHCG4su1X3cFU=
github.com/noocsharp/go-aquos v0.1.2-0.20210901033550-a4f0262ce056/go.mod h1:0wU8/BjgmLKksf3ZjCoT5sJeu2e+aadh6K2ozKYC720=
github.com/noocsharp/go-aquos v0.1.2-0.20210901035605-928643b89a33 h1:kzTKGtDAmNO1+th9E/9klQU5Yq8H2Nsa8ViPj3dx0gc=
github.com/noocsharp/go-aquos v0.1.2-0.20210901035605-928643b89a33/go.mod h1:0wU8/BjgmLKksf3ZjCoT5sJeu2e+aadh6K2ozKYC720=
github.com/noocsharp/go-aquos v0.1.2-0.20210901042206-c1ebaeb9f7ff h1:gK7Ugu6oLB3XJIPaIkEnDlEpJ8oX+6IoPxVTsjDocG8=
github.com/noocsharp/go-aquos v0.1.2-0.20210901042206-c1ebaeb9f7ff/go.mod h1:0wU8/BjgmLKksf3ZjCoT5sJeu2e+aadh6K2ozKYC720=
github.com/noocsharp/go-aquos v0.1.2-0.20210903012438-246b1d84e38a h1:Id7wIPH1b+u3iCPufOA/vgJS3rYTDGRnz0ENYFogTRo=
github.com/noocsharp/go-aquos v0.1.2-0.20210903012438-246b1d84e38a/go.mod h1:0wU8/BjgmLKksf3ZjCoT5sJeu2e+aadh6K2ozKYC720=
github.com/noocsharp/go-aquos v0.1.2-0.20210903014038-cd997ce84e44 h1:OS5sCiMFSYaLwzVLHRoLRWsmN4HN79K7JDBB6Ue2Z2s=
github.com/noocsharp/go-aquos v0.1.2-0.20210903014038-cd997ce84e44/go.mod h1:0wU8/BjgmLKksf3ZjCoT5sJeu2e+aadh6K2ozKYC720=
github.com/noocsharp/go-aquos v0.1.2-0.20210903014433-a1e2ccad4187 h1:x8iLOqmEdY8LS1z0o2RmcUVSgMXKCiIV3aERnsBr+r0=
github.com/noocsharp/go-aquos v0.1.2-0.20210903014433-a1e2ccad4187/go.mod h1:0wU8/BjgmLKksf3ZjCoT5sJeu2e+aadh6K2ozKYC720=
github.com/noocsharp/go-aquos v0.1.2-0.20210903022428-43510b563a0f h1:hI/nzd3HJgWrVjIcDQG78/JXG2bVS+uGty7GboGdRDo=
github.com/noocsharp/go-aquos v0.1.2-0.20210903022428-43510b563a0f/go.mod h1:0wU8/BjgmLKksf3ZjCoT5sJeu2e+aadh6K2ozKYC720=
